// !$*UTF8*$!
{
	archiveVersion = 1;
	classes = {
	};
	objectVersion = 56;
	objects = {

/* Begin PBXBuildFile section */
		72627D132A65EE3000F2BC41 /* MyRecipeApp.swift in Sources */ = {isa = PBXBuildFile; fileRef = 72627D122A65EE3000F2BC41 /* MyRecipeApp.swift */; };
		72627D152A65EE3000F2BC41 /* ContentView.swift in Sources */ = {isa = PBXBuildFile; fileRef = 72627D142A65EE3000F2BC41 /* ContentView.swift */; };
		72627D172A65EE3200F2BC41 /* Assets.xcassets in Resources */ = {isa = PBXBuildFile; fileRef = 72627D162A65EE3200F2BC41 /* Assets.xcassets */; };
		72627D1A2A65EE3200F2BC41 /* Preview Assets.xcassets in Resources */ = {isa = PBXBuildFile; fileRef = 72627D192A65EE3200F2BC41 /* Preview Assets.xcassets */; };
		72627D242A65EE3200F2BC41 /* MyRecipeTests.swift in Sources */ = {isa = PBXBuildFile; fileRef = 72627D232A65EE3200F2BC41 /* MyRecipeTests.swift */; };
		72627D2E2A65EE3200F2BC41 /* MyRecipeUITests.swift in Sources */ = {isa = PBXBuildFile; fileRef = 72627D2D2A65EE3200F2BC41 /* MyRecipeUITests.swift */; };
		72627D302A65EE3200F2BC41 /* MyRecipeUITestsLaunchTests.swift in Sources */ = {isa = PBXBuildFile; fileRef = 72627D2F2A65EE3200F2BC41 /* MyRecipeUITestsLaunchTests.swift */; };
/* End PBXBuildFile section */

/* Begin PBXContainerItemProxy section */
		72627D202A65EE3200F2BC41 /* PBXContainerItemProxy */ = {
			isa = PBXContainerItemProxy;
			containerPortal = 72627D072A65EE3000F2BC41 /* Project object */;
			proxyType = 1;
			remoteGlobalIDString = 72627D0E2A65EE3000F2BC41;
			remoteInfo = MyRecipe;
		};
		72627D2A2A65EE3200F2BC41 /* PBXContainerItemProxy */ = {
			isa = PBXContainerItemProxy;
			containerPortal = 72627D072A65EE3000F2BC41 /* Project object */;
			proxyType = 1;
			remoteGlobalIDString = 72627D0E2A65EE3000F2BC41;
			remoteInfo = MyRecipe;
		};
/* End PBXContainerItemProxy section */

/* Begin PBXFileReference section */
		72627D0F2A65EE3000F2BC41 /* MyRecipe.app */ = {isa = PBXFileReference; explicitFileType = wrapper.application; includeInIndex = 0; path = MyRecipe.app; sourceTree = BUILT_PRODUCTS_DIR; };
		72627D122A65EE3000F2BC41 /* MyRecipeApp.swift */ = {isa = PBXFileReference; lastKnownFileType = sourcecode.swift; path = MyRecipeApp.swift; sourceTree = "<group>"; };
		72627D142A65EE3000F2BC41 /* ContentView.swift */ = {isa = PBXFileReference; lastKnownFileType = sourcecode.swift; path = ContentView.swift; sourceTree = "<group>"; };
		72627D162A65EE3200F2BC41 /* Assets.xcassets */ = {isa = PBXFileReference; lastKnownFileType = folder.assetcatalog; path = Assets.xcassets; sourceTree = "<group>"; };
		72627D192A65EE3200F2BC41 /* Preview Assets.xcassets */ = {isa = PBXFileReference; lastKnownFileType = folder.assetcatalog; path = "Preview Assets.xcassets"; sourceTree = "<group>"; };
		72627D1F2A65EE3200F2BC41 /* MyRecipeTests.xctest */ = {isa = PBXFileReference; explicitFileType = wrapper.cfbundle; includeInIndex = 0; path = MyRecipeTests.xctest; sourceTree = BUILT_PRODUCTS_DIR; };
		72627D232A65EE3200F2BC41 /* MyRecipeTests.swift */ = {isa = PBXFileReference; lastKnownFileType = sourcecode.swift; path = MyRecipeTests.swift; sourceTree = "<group>"; };
		72627D292A65EE3200F2BC41 /* MyRecipeUITests.xctest */ = {isa = PBXFileReference; explicitFileType = wrapper.cfbundle; includeInIndex = 0; path = MyRecipeUITests.xctest; sourceTree = BUILT_PRODUCTS_DIR; };
		72627D2D2A65EE3200F2BC41 /* MyRecipeUITests.swift */ = {isa = PBXFileReference; lastKnownFileType = sourcecode.swift; path = MyRecipeUITests.swift; sourceTree = "<group>"; };
		72627D2F2A65EE3200F2BC41 /* MyRecipeUITestsLaunchTests.swift */ = {isa = PBXFileReference; lastKnownFileType = sourcecode.swift; path = MyRecipeUITestsLaunchTests.swift; sourceTree = "<group>"; };
/* End PBXFileReference section */

/* Begin PBXFrameworksBuildPhase section */
		72627D0C2A65EE3000F2BC41 /* Frameworks */ = {
			isa = PBXFrameworksBuildPhase;
			buildActionMask = 2147483647;
			files = (
			);
			runOnlyForDeploymentPostprocessing = 0;
		};
		72627D1C2A65EE3200F2BC41 /* Frameworks */ = {
			isa = PBXFrameworksBuildPhase;
			buildActionMask = 2147483647;
			files = (
			);
			runOnlyForDeploymentPostprocessing = 0;
		};
		72627D262A65EE3200F2BC41 /* Frameworks */ = {
			isa = PBXFrameworksBuildPhase;
			buildActionMask = 2147483647;
			files = (
			);
			runOnlyForDeploymentPostprocessing = 0;
		};
/* End PBXFrameworksBuildPhase section */

/* Begin PBXGroup section */
		72627D062A65EE3000F2BC41 = {
			isa = PBXGroup;
			children = (
				72627D112A65EE3000F2BC41 /* MyRecipe */,
				72627D222A65EE3200F2BC41 /* MyRecipeTests */,
				72627D2C2A65EE3200F2BC41 /* MyRecipeUITests */,
				72627D102A65EE3000F2BC41 /* Products */,
			);
			sourceTree = "<group>";
		};
		72627D102A65EE3000F2BC41 /* Products */ = {
			isa = PBXGroup;
			children = (
				72627D0F2A65EE3000F2BC41 /* MyRecipe.app */,
				72627D1F2A65EE3200F2BC41 /* MyRecipeTests.xctest */,
				72627D292A65EE3200F2BC41 /* MyRecipeUITests.xctest */,
			);
			name = Products;
			sourceTree = "<group>";
		};
		72627D112A65EE3000F2BC41 /* MyRecipe */ = {
			isa = PBXGroup;
			children = (
				72627D122A65EE3000F2BC41 /* MyRecipeApp.swift */,
				72627D142A65EE3000F2BC41 /* ContentView.swift */,
				72627D162A65EE3200F2BC41 /* Assets.xcassets */,
				72627D182A65EE3200F2BC41 /* Preview Content */,
			);
			path = MyRecipe;
			sourceTree = "<group>";
		};
		72627D182A65EE3200F2BC41 /* Preview Content */ = {
			isa = PBXGroup;
			children = (
				72627D192A65EE3200F2BC41 /* Preview Assets.xcassets */,
			);
			path = "Preview Content";
			sourceTree = "<group>";
		};
		72627D222A65EE3200F2BC41 /* MyRecipeTests */ = {
			isa = PBXGroup;
			children = (
				72627D232A65EE3200F2BC41 /* MyRecipeTests.swift */,
			);
			path = MyRecipeTests;
			sourceTree = "<group>";
		};
		72627D2C2A65EE3200F2BC41 /* MyRecipeUITests */ = {
			isa = PBXGroup;
			children = (
				72627D2D2A65EE3200F2BC41 /* MyRecipeUITests.swift */,
				72627D2F2A65EE3200F2BC41 /* MyRecipeUITestsLaunchTests.swift */,
			);
			path = MyRecipeUITests;
			sourceTree = "<group>";
		};
/* End PBXGroup section */

/* Begin PBXNativeTarget section */
		72627D0E2A65EE3000F2BC41 /* MyRecipe */ = {
			isa = PBXNativeTarget;
			buildConfigurationList = 72627D332A65EE3200F2BC41 /* Build configuration list for PBXNativeTarget "MyRecipe" */;
			buildPhases = (
				72627D0B2A65EE3000F2BC41 /* Sources */,
				72627D0C2A65EE3000F2BC41 /* Frameworks */,
				72627D0D2A65EE3000F2BC41 /* Resources */,
			);
			buildRules = (
			);
			dependencies = (
			);
			name = MyRecipe;
			productName = MyRecipe;
			productReference = 72627D0F2A65EE3000F2BC41 /* MyRecipe.app */;
			productType = "com.apple.product-type.application";
		};
		72627D1E2A65EE3200F2BC41 /* MyRecipeTests */ = {
			isa = PBXNativeTarget;
			buildConfigurationList = 72627D362A65EE3200F2BC41 /* Build configuration list for PBXNativeTarget "MyRecipeTests" */;
			buildPhases = (
				72627D1B2A65EE3200F2BC41 /* Sources */,
				72627D1C2A65EE3200F2BC41 /* Frameworks */,
				72627D1D2A65EE3200F2BC41 /* Resources */,
			);
			buildRules = (
			);
			dependencies = (
				72627D212A65EE3200F2BC41 /* PBXTargetDependency */,
			);
			name = MyRecipeTests;
			productName = MyRecipeTests;
			productReference = 72627D1F2A65EE3200F2BC41 /* MyRecipeTests.xctest */;
			productType = "com.apple.product-type.bundle.unit-test";
		};
		72627D282A65EE3200F2BC41 /* MyRecipeUITests */ = {
			isa = PBXNativeTarget;
			buildConfigurationList = 72627D392A65EE3200F2BC41 /* Build configuration list for PBXNativeTarget "MyRecipeUITests" */;
			buildPhases = (
				72627D252A65EE3200F2BC41 /* Sources */,
				72627D262A65EE3200F2BC41 /* Frameworks */,
				72627D272A65EE3200F2BC41 /* Resources */,
			);
			buildRules = (
			);
			dependencies = (
				72627D2B2A65EE3200F2BC41 /* PBXTargetDependency */,
			);
			name = MyRecipeUITests;
			productName = MyRecipeUITests;
			productReference = 72627D292A65EE3200F2BC41 /* MyRecipeUITests.xctest */;
			productType = "com.apple.product-type.bundle.ui-testing";
		};
/* End PBXNativeTarget section */

/* Begin PBXProject section */
		72627D072A65EE3000F2BC41 /* Project object */ = {
			isa = PBXProject;
			attributes = {
				BuildIndependentTargetsInParallel = 1;
				LastSwiftUpdateCheck = 1430;
				LastUpgradeCheck = 1430;
				TargetAttributes = {
					72627D0E2A65EE3000F2BC41 = {
						CreatedOnToolsVersion = 14.3.1;
					};
					72627D1E2A65EE3200F2BC41 = {
						CreatedOnToolsVersion = 14.3.1;
						TestTargetID = 72627D0E2A65EE3000F2BC41;
					};
					72627D282A65EE3200F2BC41 = {
						CreatedOnToolsVersion = 14.3.1;
						TestTargetID = 72627D0E2A65EE3000F2BC41;
					};
				};
			};
			buildConfigurationList = 72627D0A2A65EE3000F2BC41 /* Build configuration list for PBXProject "MyRecipe" */;
			compatibilityVersion = "Xcode 14.0";
			developmentRegion = en;
			hasScannedForEncodings = 0;
			knownRegions = (
				en,
				Base,
			);
			mainGroup = 72627D062A65EE3000F2BC41;
			productRefGroup = 72627D102A65EE3000F2BC41 /* Products */;
			projectDirPath = "";
			projectRoot = "";
			targets = (
				72627D0E2A65EE3000F2BC41 /* MyRecipe */,
				72627D1E2A65EE3200F2BC41 /* MyRecipeTests */,
				72627D282A65EE3200F2BC41 /* MyRecipeUITests */,
			);
		};
/* End PBXProject section */

/* Begin PBXResourcesBuildPhase section */
		72627D0D2A65EE3000F2BC41 /* Resources */ = {
			isa = PBXResourcesBuildPhase;
			buildActionMask = 2147483647;
			files = (
				72627D1A2A65EE3200F2BC41 /* Preview Assets.xcassets in Resources */,
				72627D172A65EE3200F2BC41 /* Assets.xcassets in Resources */,
			);
			runOnlyForDeploymentPostprocessing = 0;
		};
		72627D1D2A65EE3200F2BC41 /* Resources */ = {
			isa = PBXResourcesBuildPhase;
			buildActionMask = 2147483647;
			files = (
			);
			runOnlyForDeploymentPostprocessing = 0;
		};
		72627D272A65EE3200F2BC41 /* Resources */ = {
			isa = PBXResourcesBuildPhase;
			buildActionMask = 2147483647;
			files = (
			);
			runOnlyForDeploymentPostprocessing = 0;
		};
/* End PBXResourcesBuildPhase section */

/* Begin PBXSourcesBuildPhase section */
		72627D0B2A65EE3000F2BC41 /* Sources */ = {
			isa = PBXSourcesBuildPhase;
			buildActionMask = 2147483647;
			files = (
				72627D152A65EE3000F2BC41 /* ContentView.swift in Sources */,
				72627D132A65EE3000F2BC41 /* MyRecipeApp.swift in Sources */,
			);
			runOnlyForDeploymentPostprocessing = 0;
		};
		72627D1B2A65EE3200F2BC41 /* Sources */ = {
			isa = PBXSourcesBuildPhase;
			buildActionMask = 2147483647;
			files = (
				72627D242A65EE3200F2BC41 /* MyRecipeTests.swift in Sources */,
			);
			runOnlyForDeploymentPostprocessing = 0;
		};
		72627D252A65EE3200F2BC41 /* Sources */ = {
			isa = PBXSourcesBuildPhase;
			buildActionMask = 2147483647;
			files = (
				72627D302A65EE3200F2BC41 /* MyRecipeUITestsLaunchTests.swift in Sources */,
				72627D2E2A65EE3200F2BC41 /* MyRecipeUITests.swift in Sources */,
			);
			runOnlyForDeploymentPostprocessing = 0;
		};
/* End PBXSourcesBuildPhase section */

/* Begin PBXTargetDependency section */
		72627D212A65EE3200F2BC41 /* PBXTargetDependency */ = {
			isa = PBXTargetDependency;
			target = 72627D0E2A65EE3000F2BC41 /* MyRecipe */;
			targetProxy = 72627D202A65EE3200F2BC41 /* PBXContainerItemProxy */;
		};
		72627D2B2A65EE3200F2BC41 /* PBXTargetDependency */ = {
			isa = PBXTargetDependency;
			target = 72627D0E2A65EE3000F2BC41 /* MyRecipe */;
			targetProxy = 72627D2A2A65EE3200F2BC41 /* PBXContainerItemProxy */;
		};
/* End PBXTargetDependency section */

/* Begin XCBuildConfiguration section */
		72627D312A65EE3200F2BC41 /* Debug */ = {
			isa = XCBuildConfiguration;
			buildSettings = {
				ALWAYS_SEARCH_USER_PATHS = NO;
				CLANG_ANALYZER_NONNULL = YES;
				CLANG_ANALYZER_NUMBER_OBJECT_CONVERSION = YES_AGGRESSIVE;
				CLANG_CXX_LANGUAGE_STANDARD = "gnu++20";
				CLANG_ENABLE_MODULES = YES;
				CLANG_ENABLE_OBJC_ARC = YES;
				CLANG_ENABLE_OBJC_WEAK = YES;
				CLANG_WARN_BLOCK_CAPTURE_AUTORELEASING = YES;
				CLANG_WARN_BOOL_CONVERSION = YES;
				CLANG_WARN_COMMA = YES;
				CLANG_WARN_CONSTANT_CONVERSION = YES;
				CLANG_WARN_DEPRECATED_OBJC_IMPLEMENTATIONS = YES;
				CLANG_WARN_DIRECT_OBJC_ISA_USAGE = YES_ERROR;
				CLANG_WARN_DOCUMENTATION_COMMENTS = YES;
				CLANG_WARN_EMPTY_BODY = YES;
				CLANG_WARN_ENUM_CONVERSION = YES;
				CLANG_WARN_INFINITE_RECURSION = YES;
				CLANG_WARN_INT_CONVERSION = YES;
				CLANG_WARN_NON_LITERAL_NULL_CONVERSION = YES;
				CLANG_WARN_OBJC_IMPLICIT_RETAIN_SELF = YES;
				CLANG_WARN_OBJC_LITERAL_CONVERSION = YES;
				CLANG_WARN_OBJC_ROOT_CLASS = YES_ERROR;
				CLANG_WARN_QUOTED_INCLUDE_IN_FRAMEWORK_HEADER = YES;
				CLANG_WARN_RANGE_LOOP_ANALYSIS = YES;
				CLANG_WARN_STRICT_PROTOTYPES = YES;
				CLANG_WARN_SUSPICIOUS_MOVE = YES;
				CLANG_WARN_UNGUARDED_AVAILABILITY = YES_AGGRESSIVE;
				CLANG_WARN_UNREACHABLE_CODE = YES;
				CLANG_WARN__DUPLICATE_METHOD_MATCH = YES;
				COPY_PHASE_STRIP = NO;
				DEBUG_INFORMATION_FORMAT = dwarf;
				ENABLE_STRICT_OBJC_MSGSEND = YES;
				ENABLE_TESTABILITY = YES;
				GCC_C_LANGUAGE_STANDARD = gnu11;
				GCC_DYNAMIC_NO_PIC = NO;
				GCC_NO_COMMON_BLOCKS = YES;
				GCC_OPTIMIZATION_LEVEL = 0;
				GCC_PREPROCESSOR_DEFINITIONS = (
					"DEBUG=1",
					"$(inherited)",
				);
				GCC_WARN_64_TO_32_BIT_CONVERSION = YES;
				GCC_WARN_ABOUT_RETURN_TYPE = YES_ERROR;
				GCC_WARN_UNDECLARED_SELECTOR = YES;
				GCC_WARN_UNINITIALIZED_AUTOS = YES_AGGRESSIVE;
				GCC_WARN_UNUSED_FUNCTION = YES;
				GCC_WARN_UNUSED_VARIABLE = YES;
				IPHONEOS_DEPLOYMENT_TARGET = 16.4;
				MTL_ENABLE_DEBUG_INFO = INCLUDE_SOURCE;
				MTL_FAST_MATH = YES;
				ONLY_ACTIVE_ARCH = YES;
				SDKROOT = iphoneos;
				SWIFT_ACTIVE_COMPILATION_CONDITIONS = DEBUG;
				SWIFT_OPTIMIZATION_LEVEL = "-Onone";
			};
			name = Debug;
		};
		72627D322A65EE3200F2BC41 /* Release */ = {
			isa = XCBuildConfiguration;
			buildSettings = {
				ALWAYS_SEARCH_USER_PATHS = NO;
				CLANG_ANALYZER_NONNULL = YES;
				CLANG_ANALYZER_NUMBER_OBJECT_CONVERSION = YES_AGGRESSIVE;
				CLANG_CXX_LANGUAGE_STANDARD = "gnu++20";
				CLANG_ENABLE_MODULES = YES;
				CLANG_ENABLE_OBJC_ARC = YES;
				CLANG_ENABLE_OBJC_WEAK = YES;
				CLANG_WARN_BLOCK_CAPTURE_AUTORELEASING = YES;
				CLANG_WARN_BOOL_CONVERSION = YES;
				CLANG_WARN_COMMA = YES;
				CLANG_WARN_CONSTANT_CONVERSION = YES;
				CLANG_WARN_DEPRECATED_OBJC_IMPLEMENTATIONS = YES;
				CLANG_WARN_DIRECT_OBJC_ISA_USAGE = YES_ERROR;
				CLANG_WARN_DOCUMENTATION_COMMENTS = YES;
				CLANG_WARN_EMPTY_BODY = YES;
				CLANG_WARN_ENUM_CONVERSION = YES;
				CLANG_WARN_INFINITE_RECURSION = YES;
				CLANG_WARN_INT_CONVERSION = YES;
				CLANG_WARN_NON_LITERAL_NULL_CONVERSION = YES;
				CLANG_WARN_OBJC_IMPLICIT_RETAIN_SELF = YES;
				CLANG_WARN_OBJC_LITERAL_CONVERSION = YES;
				CLANG_WARN_OBJC_ROOT_CLASS = YES_ERROR;
				CLANG_WARN_QUOTED_INCLUDE_IN_FRAMEWORK_HEADER = YES;
				CLANG_WARN_RANGE_LOOP_ANALYSIS = YES;
				CLANG_WARN_STRICT_PROTOTYPES = YES;
				CLANG_WARN_SUSPICIOUS_MOVE = YES;
				CLANG_WARN_UNGUARDED_AVAILABILITY = YES_AGGRESSIVE;
				CLANG_WARN_UNREACHABLE_CODE = YES;
				CLANG_WARN__DUPLICATE_METHOD_MATCH = YES;
				COPY_PHASE_STRIP = NO;
				DEBUG_INFORMATION_FORMAT = "dwarf-with-dsym";
				ENABLE_NS_ASSERTIONS = NO;
				ENABLE_STRICT_OBJC_MSGSEND = YES;
				GCC_C_LANGUAGE_STANDARD = gnu11;
				GCC_NO_COMMON_BLOCKS = YES;
				GCC_WARN_64_TO_32_BIT_CONVERSION = YES;
				GCC_WARN_ABOUT_RETURN_TYPE = YES_ERROR;
				GCC_WARN_UNDECLARED_SELECTOR = YES;
				GCC_WARN_UNINITIALIZED_AUTOS = YES_AGGRESSIVE;
				GCC_WARN_UNUSED_FUNCTION = YES;
				GCC_WARN_UNUSED_VARIABLE = YES;
				IPHONEOS_DEPLOYMENT_TARGET = 16.4;
				MTL_ENABLE_DEBUG_INFO = NO;
				MTL_FAST_MATH = YES;
				SDKROOT = iphoneos;
				SWIFT_COMPILATION_MODE = wholemodule;
				SWIFT_OPTIMIZATION_LEVEL = "-O";
				VALIDATE_PRODUCT = YES;
			};
			name = Release;
		};
		72627D342A65EE3200F2BC41 /* Debug */ = {
			isa = XCBuildConfiguration;
			buildSettings = {
				ASSETCATALOG_COMPILER_APPICON_NAME = AppIcon;
				ASSETCATALOG_COMPILER_GLOBAL_ACCENT_COLOR_NAME = AccentColor;
				CODE_SIGN_STYLE = Automatic;
				CURRENT_PROJECT_VERSION = 1;
				DEVELOPMENT_ASSET_PATHS = "\"MyRecipe/Preview Content\"";
				DEVELOPMENT_TEAM = TD5M7MVFQT;
				ENABLE_PREVIEWS = YES;
				GENERATE_INFOPLIST_FILE = YES;
				INFOPLIST_KEY_UIApplicationSceneManifest_Generation = YES;
				INFOPLIST_KEY_UIApplicationSupportsIndirectInputEvents = YES;
				INFOPLIST_KEY_UILaunchScreen_Generation = YES;
				INFOPLIST_KEY_UISupportedInterfaceOrientations_iPad = "UIInterfaceOrientationPortrait UIInterfaceOrientationPortraitUpsideDown UIInterfaceOrientationLandscapeLeft UIInterfaceOrientationLandscapeRight";
				INFOPLIST_KEY_UISupportedInterfaceOrientations_iPhone = "UIInterfaceOrientationPortrait UIInterfaceOrientationLandscapeLeft UIInterfaceOrientationLandscapeRight";
				LD_RUNPATH_SEARCH_PATHS = (
					"$(inherited)",
					"@executable_path/Frameworks",
				);
				MARKETING_VERSION = 1.0;
				PRODUCT_BUNDLE_IDENTIFIER = rene.MyRecipe;
				PRODUCT_NAME = "$(TARGET_NAME)";
				SWIFT_EMIT_LOC_STRINGS = YES;
				SWIFT_VERSION = 5.0;
				TARGETED_DEVICE_FAMILY = "1,2";
			};
			name = Debug;
		};
		72627D352A65EE3200F2BC41 /* Release */ = {
			isa = XCBuildConfiguration;
			buildSettings = {
				ASSETCATALOG_COMPILER_APPICON_NAME = AppIcon;
				ASSETCATALOG_COMPILER_GLOBAL_ACCENT_COLOR_NAME = AccentColor;
				CODE_SIGN_STYLE = Automatic;
				CURRENT_PROJECT_VERSION = 1;
				DEVELOPMENT_ASSET_PATHS = "\"MyRecipe/Preview Content\"";
				DEVELOPMENT_TEAM = TD5M7MVFQT;
				ENABLE_PREVIEWS = YES;
				GENERATE_INFOPLIST_FILE = YES;
				INFOPLIST_KEY_UIApplicationSceneManifest_Generation = YES;
				INFOPLIST_KEY_UIApplicationSupportsIndirectInputEvents = YES;
				INFOPLIST_KEY_UILaunchScreen_Generation = YES;
				INFOPLIST_KEY_UISupportedInterfaceOrientations_iPad = "UIInterfaceOrientationPortrait UIInterfaceOrientationPortraitUpsideDown UIInterfaceOrientationLandscapeLeft UIInterfaceOrientationLandscapeRight";
				INFOPLIST_KEY_UISupportedInterfaceOrientations_iPhone = "UIInterfaceOrientationPortrait UIInterfaceOrientationLandscapeLeft UIInterfaceOrientationLandscapeRight";
				LD_RUNPATH_SEARCH_PATHS = (
					"$(inherited)",
					"@executable_path/Frameworks",
				);
				MARKETING_VERSION = 1.0;
				PRODUCT_BUNDLE_IDENTIFIER = rene.MyRecipe;
				PRODUCT_NAME = "$(TARGET_NAME)";
				SWIFT_EMIT_LOC_STRINGS = YES;
				SWIFT_VERSION = 5.0;
				TARGETED_DEVICE_FAMILY = "1,2";
			};
			name = Release;
		};
		72627D372A65EE3200F2BC41 /* Debug */ = {
			isa = XCBuildConfiguration;
			buildSettings = {
				ALWAYS_EMBED_SWIFT_STANDARD_LIBRARIES = YES;
				BUNDLE_LOADER = "$(TEST_HOST)";
				CODE_SIGN_STYLE = Automatic;
				CURRENT_PROJECT_VERSION = 1;
				DEVELOPMENT_TEAM = TD5M7MVFQT;
				GENERATE_INFOPLIST_FILE = YES;
				IPHONEOS_DEPLOYMENT_TARGET = 16.4;
				MARKETING_VERSION = 1.0;
				PRODUCT_BUNDLE_IDENTIFIER = rene.MyRecipeTests;
				PRODUCT_NAME = "$(TARGET_NAME)";
				SWIFT_EMIT_LOC_STRINGS = NO;
				SWIFT_VERSION = 5.0;
				TARGETED_DEVICE_FAMILY = "1,2";
				TEST_HOST = "$(BUILT_PRODUCTS_DIR)/MyRecipe.app/$(BUNDLE_EXECUTABLE_FOLDER_PATH)/MyRecipe";
			};
			name = Debug;
		};
		72627D382A65EE3200F2BC41 /* Release */ = {
			isa = XCBuildConfiguration;
			buildSettings = {
				ALWAYS_EMBED_SWIFT_STANDARD_LIBRARIES = YES;
				BUNDLE_LOADER = "$(TEST_HOST)";
				CODE_SIGN_STYLE = Automatic;
				CURRENT_PROJECT_VERSION = 1;
				DEVELOPMENT_TEAM = TD5M7MVFQT;
				GENERATE_INFOPLIST_FILE = YES;
				IPHONEOS_DEPLOYMENT_TARGET = 16.4;
				MARKETING_VERSION = 1.0;
				PRODUCT_BUNDLE_IDENTIFIER = rene.MyRecipeTests;
				PRODUCT_NAME = "$(TARGET_NAME)";
				SWIFT_EMIT_LOC_STRINGS = NO;
				SWIFT_VERSION = 5.0;
				TARGETED_DEVICE_FAMILY = "1,2";
				TEST_HOST = "$(BUILT_PRODUCTS_DIR)/MyRecipe.app/$(BUNDLE_EXECUTABLE_FOLDER_PATH)/MyRecipe";
			};
			name = Release;
		};
		72627D3A2A65EE3200F2BC41 /* Debug */ = {
			isa = XCBuildConfiguration;
			buildSettings = {
				ALWAYS_EMBED_SWIFT_STANDARD_LIBRARIES = YES;
				CODE_SIGN_STYLE = Automatic;
				CURRENT_PROJECT_VERSION = 1;
				DEVELOPMENT_TEAM = TD5M7MVFQT;
				GENERATE_INFOPLIST_FILE = YES;
				MARKETING_VERSION = 1.0;
				PRODUCT_BUNDLE_IDENTIFIER = rene.MyRecipeUITests;
				PRODUCT_NAME = "$(TARGET_NAME)";
				SWIFT_EMIT_LOC_STRINGS = NO;
				SWIFT_VERSION = 5.0;
				TARGETED_DEVICE_FAMILY = "1,2";
				TEST_TARGET_NAME = MyRecipe;
			};
			name = Debug;
		};
		72627D3B2A65EE3200F2BC41 /* Release */ = {
			isa = XCBuildConfiguration;
			buildSettings = {
				ALWAYS_EMBED_SWIFT_STANDARD_LIBRARIES = YES;
				CODE_SIGN_STYLE = Automatic;
				CURRENT_PROJECT_VERSION = 1;
				DEVELOPMENT_TEAM = TD5M7MVFQT;
				GENERATE_INFOPLIST_FILE = YES;
				MARKETING_VERSION = 1.0;
				PRODUCT_BUNDLE_IDENTIFIER = rene.MyRecipeUITests;
				PRODUCT_NAME = "$(TARGET_NAME)";
				SWIFT_EMIT_LOC_STRINGS = NO;
				SWIFT_VERSION = 5.0;
				TARGETED_DEVICE_FAMILY = "1,2";
				TEST_TARGET_NAME = MyRecipe;
			};
			name = Release;
		};
/* End XCBuildConfiguration section */

/* Begin XCConfigurationList section */
		72627D0A2A65EE3000F2BC41 /* Build configuration list for PBXProject "MyRecipe" */ = {
			isa = XCConfigurationList;
			buildConfigurations = (
				72627D312A65EE3200F2BC41 /* Debug */,
				72627D322A65EE3200F2BC41 /* Release */,
			);
			defaultConfigurationIsVisible = 0;
			defaultConfigurationName = Release;
		};
		72627D332A65EE3200F2BC41 /* Build configuration list for PBXNativeTarget "MyRecipe" */ = {
			isa = XCConfigurationList;
			buildConfigurations = (
				72627D342A65EE3200F2BC41 /* Debug */,
				72627D352A65EE3200F2BC41 /* Release */,
			);
			defaultConfigurationIsVisible = 0;
			defaultConfigurationName = Release;
		};
		72627D362A65EE3200F2BC41 /* Build configuration list for PBXNativeTarget "MyRecipeTests" */ = {
			isa = XCConfigurationList;
			buildConfigurations = (
				72627D372A65EE3200F2BC41 /* Debug */,
				72627D382A65EE3200F2BC41 /* Release */,
			);
			defaultConfigurationIsVisible = 0;
			defaultConfigurationName = Release;
		};
		72627D392A65EE3200F2BC41 /* Build configuration list for PBXNativeTarget "MyRecipeUITests" */ = {
			isa = XCConfigurationList;
			buildConfigurations = (
				72627D3A2A65EE3200F2BC41 /* Debug */,
				72627D3B2A65EE3200F2BC41 /* Release */,
			);
			defaultConfigurationIsVisible = 0;
			defaultConfigurationName = Release;
		};
/* End XCConfigurationList section */
	};
	rootObject = 72627D072A65EE3000F2BC41 /* Project object */;
}
